
Microsoft Visual Studio Solution File, Format Version 12.00
# Visual Studio Version 16
VisualStudioVersion = 16.0.30523.141
MinimumVisualStudioVersion = 10.0.40219.1
Project("{FAE04EC0-301F-11D3-BF4B-00C04F79EFBC}") = "Øvelse 2", "Øvelse 2\Øvelse 2.csproj", "{4E54BC70-BA3B-424F-A679-81AE0BFBAA20}"
EndProject
Global
	GlobalSection(SolutionConfigurationPlatforms) = preSolution
		Debug|Any CPU = Debug|Any CPU
		Release|Any CPU = Release|Any CPU
	EndGlobalSection
	GlobalSection(ProjectConfigurationPlatforms) = postSolution
		{4E54BC70-BA3B-424F-A679-81AE0BFBAA20}.Debug|Any CPU.ActiveCfg = Debug|Any CPU
		{4E54BC70-BA3B-424F-A679-81AE0BFBAA20}.Debug|Any CPU.Build.0 = Debug|Any CPU
		{4E54BC70-BA3B-424F-A679-81AE0BFBAA20}.Release|Any CPU.ActiveCfg = Release|Any CPU
		{4E54BC70-BA3B-424F-A679-81AE0BFBAA20}.Release|Any CPU.Build.0 = Release|Any CPU
	EndGlobalSection
	GlobalSection(SolutionProperties) = preSolution
		HideSolutionNode = FALSE
	EndGlobalSection
	GlobalSection(ExtensibilityGlobals) = postSolution
		SolutionGuid = {03A30D36-EB80-4D34-92D1-E827313D229A}
	EndGlobalSection
EndGlobal
